// !$*UTF8*$!
{
	archiveVersion = 1;
	classes = {
	};
	objectVersion = 56;
	objects = {

/* Begin PBXBuildFile section */
		818400342DA8B11700544519 /* LocalCategory.swift in Sources */ = {isa = PBXBuildFile; fileRef = 818400332DA8B11700544519 /* LocalCategory.swift */; };
		818400362DA8CBB900544519 /* LocalDataSourceCategory.swift in Sources */ = {isa = PBXBuildFile; fileRef = 818400352DA8CBB900544519 /* LocalDataSourceCategory.swift */; };
		818400382DA8D30600544519 /* CustomAlertAddNew.swift in Sources */ = {isa = PBXBuildFile; fileRef = 818400372DA8D30600544519 /* CustomAlertAddNew.swift */; };
		81A95E062DA80F3100CE08CC /* CategoryViewController.swift in Sources */ = {isa = PBXBuildFile; fileRef = 81A95E052DA80F3100CE08CC /* CategoryViewController.swift */; };
		81BBE05B2DA35AC200FA6096 /* DataModel.xcdatamodeld in Sources */ = {isa = PBXBuildFile; fileRef = 81BBE0592DA35AC200FA6096 /* DataModel.xcdatamodeld */; };
		81BBE0802DA3C62B00FA6096 /* LocalDataSourceImp.swift in Sources */ = {isa = PBXBuildFile; fileRef = 81BBE07F2DA3C62B00FA6096 /* LocalDataSourceImp.swift */; };
		81BBE0832DA4040200FA6096 /* LocalItem.swift in Sources */ = {isa = PBXBuildFile; fileRef = 81BBE0822DA4040200FA6096 /* LocalItem.swift */; };
		81DC926F2D92D242009B1CE5 /* AppDelegate.swift in Sources */ = {isa = PBXBuildFile; fileRef = 81DC926E2D92D242009B1CE5 /* AppDelegate.swift */; };
		81DC92712D92D242009B1CE5 /* SceneDelegate.swift in Sources */ = {isa = PBXBuildFile; fileRef = 81DC92702D92D242009B1CE5 /* SceneDelegate.swift */; };
		81DC92732D92D242009B1CE5 /* TodoListViewController.swift in Sources */ = {isa = PBXBuildFile; fileRef = 81DC92722D92D242009B1CE5 /* TodoListViewController.swift */; };
		81DC92762D92D242009B1CE5 /* Main.storyboard in Resources */ = {isa = PBXBuildFile; fileRef = 81DC92742D92D242009B1CE5 /* Main.storyboard */; };
		81DC92782D92D244009B1CE5 /* Assets.xcassets in Resources */ = {isa = PBXBuildFile; fileRef = 81DC92772D92D244009B1CE5 /* Assets.xcassets */; };
		81DC927B2D92D244009B1CE5 /* LaunchScreen.storyboard in Resources */ = {isa = PBXBuildFile; fileRef = 81DC92792D92D244009B1CE5 /* LaunchScreen.storyboard */; };
/* End PBXBuildFile section */

/* Begin PBXFileReference section */
		818400332DA8B11700544519 /* LocalCategory.swift */ = {isa = PBXFileReference; lastKnownFileType = sourcecode.swift; path = LocalCategory.swift; sourceTree = "<group>"; };
		818400352DA8CBB900544519 /* LocalDataSourceCategory.swift */ = {isa = PBXFileReference; lastKnownFileType = sourcecode.swift; path = LocalDataSourceCategory.swift; sourceTree = "<group>"; };
		818400372DA8D30600544519 /* CustomAlertAddNew.swift */ = {isa = PBXFileReference; lastKnownFileType = sourcecode.swift; path = CustomAlertAddNew.swift; sourceTree = "<group>"; };
		81A95E052DA80F3100CE08CC /* CategoryViewController.swift */ = {isa = PBXFileReference; lastKnownFileType = sourcecode.swift; path = CategoryViewController.swift; sourceTree = "<group>"; };
		81BBE05A2DA35AC200FA6096 /* DataModel.xcdatamodel */ = {isa = PBXFileReference; lastKnownFileType = wrapper.xcdatamodel; path = DataModel.xcdatamodel; sourceTree = "<group>"; };
		81BBE07F2DA3C62B00FA6096 /* LocalDataSourceImp.swift */ = {isa = PBXFileReference; lastKnownFileType = sourcecode.swift; path = LocalDataSourceImp.swift; sourceTree = "<group>"; };
		81BBE0822DA4040200FA6096 /* LocalItem.swift */ = {isa = PBXFileReference; lastKnownFileType = sourcecode.swift; path = LocalItem.swift; sourceTree = "<group>"; };
		81DC926B2D92D242009B1CE5 /* Todoey.app */ = {isa = PBXFileReference; explicitFileType = wrapper.application; includeInIndex = 0; path = Todoey.app; sourceTree = BUILT_PRODUCTS_DIR; };
		81DC926E2D92D242009B1CE5 /* AppDelegate.swift */ = {isa = PBXFileReference; lastKnownFileType = sourcecode.swift; path = AppDelegate.swift; sourceTree = "<group>"; };
		81DC92702D92D242009B1CE5 /* SceneDelegate.swift */ = {isa = PBXFileReference; lastKnownFileType = sourcecode.swift; path = SceneDelegate.swift; sourceTree = "<group>"; };
		81DC92722D92D242009B1CE5 /* TodoListViewController.swift */ = {isa = PBXFileReference; lastKnownFileType = sourcecode.swift; path = TodoListViewController.swift; sourceTree = "<group>"; };
		81DC92752D92D242009B1CE5 /* Base */ = {isa = PBXFileReference; lastKnownFileType = file.storyboard; name = Base; path = Base.lproj/Main.storyboard; sourceTree = "<group>"; };
		81DC92772D92D244009B1CE5 /* Assets.xcassets */ = {isa = PBXFileReference; lastKnownFileType = folder.assetcatalog; path = Assets.xcassets; sourceTree = "<group>"; };
		81DC927A2D92D244009B1CE5 /* Base */ = {isa = PBXFileReference; lastKnownFileType = file.storyboard; name = Base; path = Base.lproj/LaunchScreen.storyboard; sourceTree = "<group>"; };
		81DC927C2D92D244009B1CE5 /* Info.plist */ = {isa = PBXFileReference; lastKnownFileType = text.plist.xml; path = Info.plist; sourceTree = "<group>"; };
/* End PBXFileReference section */

/* Begin PBXFrameworksBuildPhase section */
		81DC92682D92D242009B1CE5 /* Frameworks */ = {
			isa = PBXFrameworksBuildPhase;
			buildActionMask = 2147483647;
			files = (
			);
			runOnlyForDeploymentPostprocessing = 0;
		};
/* End PBXFrameworksBuildPhase section */

/* Begin PBXGroup section */
		814595A22D9E3DB4003D0F03 /* Controllers */ = {
			isa = PBXGroup;
			children = (
				81DC92722D92D242009B1CE5 /* TodoListViewController.swift */,
				81A95E052DA80F3100CE08CC /* CategoryViewController.swift */,
			);
			path = Controllers;
			sourceTree = "<group>";
		};
		814595A32D9E3DCE003D0F03 /* Views */ = {
			isa = PBXGroup;
			children = (
				81DC92742D92D242009B1CE5 /* Main.storyboard */,
			);
			path = Views;
			sourceTree = "<group>";
		};
		814595A42D9E3DEA003D0F03 /* Supporting Files */ = {
			isa = PBXGroup;
			children = (
				81DC92772D92D244009B1CE5 /* Assets.xcassets */,
				81DC92792D92D244009B1CE5 /* LaunchScreen.storyboard */,
			);
			path = "Supporting Files";
			sourceTree = "<group>";
		};
		814595A72D9E3E35003D0F03 /* Data Model */ = {
			isa = PBXGroup;
			children = (
				81BBE0592DA35AC200FA6096 /* DataModel.xcdatamodeld */,
				81BBE0822DA4040200FA6096 /* LocalItem.swift */,
				818400332DA8B11700544519 /* LocalCategory.swift */,
				818400372DA8D30600544519 /* CustomAlertAddNew.swift */,
			);
			path = "Data Model";
			sourceTree = "<group>";
		};
		81BBE0812DA3C63300FA6096 /* Data */ = {
			isa = PBXGroup;
			children = (
				81BBE07F2DA3C62B00FA6096 /* LocalDataSourceImp.swift */,
				818400352DA8CBB900544519 /* LocalDataSourceCategory.swift */,
			);
			path = Data;
			sourceTree = "<group>";
		};
		81DC92622D92D242009B1CE5 = {
			isa = PBXGroup;
			children = (
				81DC926D2D92D242009B1CE5 /* Todoey */,
				81DC926C2D92D242009B1CE5 /* Products */,
			);
			sourceTree = "<group>";
		};
		81DC926C2D92D242009B1CE5 /* Products */ = {
			isa = PBXGroup;
			children = (
				81DC926B2D92D242009B1CE5 /* Todoey.app */,
			);
			name = Products;
			sourceTree = "<group>";
		};
		81DC926D2D92D242009B1CE5 /* Todoey */ = {
			isa = PBXGroup;
			children = (
				81DC926E2D92D242009B1CE5 /* AppDelegate.swift */,
				81DC92702D92D242009B1CE5 /* SceneDelegate.swift */,
				814595A22D9E3DB4003D0F03 /* Controllers */,
				814595A72D9E3E35003D0F03 /* Data Model */,
				81BBE0812DA3C63300FA6096 /* Data */,
				814595A32D9E3DCE003D0F03 /* Views */,
				814595A42D9E3DEA003D0F03 /* Supporting Files */,
				81DC927C2D92D244009B1CE5 /* Info.plist */,
			);
			path = Todoey;
			sourceTree = "<group>";
		};
/* End PBXGroup section */

/* Begin PBXNativeTarget section */
		81DC926A2D92D242009B1CE5 /* Todoey */ = {
			isa = PBXNativeTarget;
			buildConfigurationList = 81DC927F2D92D244009B1CE5 /* Build configuration list for PBXNativeTarget "Todoey" */;
			buildPhases = (
				81DC92672D92D242009B1CE5 /* Sources */,
				81DC92682D92D242009B1CE5 /* Frameworks */,
				81DC92692D92D242009B1CE5 /* Resources */,
			);
			buildRules = (
			);
			dependencies = (
			);
			name = Todoey;
			productName = Todoey;
			productReference = 81DC926B2D92D242009B1CE5 /* Todoey.app */;
			productType = "com.apple.product-type.application";
		};
/* End PBXNativeTarget section */

/* Begin PBXProject section */
		81DC92632D92D242009B1CE5 /* Project object */ = {
			isa = PBXProject;
			attributes = {
				BuildIndependentTargetsInParallel = 1;
				LastSwiftUpdateCheck = 1520;
				LastUpgradeCheck = 1520;
				TargetAttributes = {
					81DC926A2D92D242009B1CE5 = {
						CreatedOnToolsVersion = 15.2;
					};
				};
			};
			buildConfigurationList = 81DC92662D92D242009B1CE5 /* Build configuration list for PBXProject "Todoey" */;
			compatibilityVersion = "Xcode 14.0";
			developmentRegion = en;
			hasScannedForEncodings = 0;
			knownRegions = (
				en,
				Base,
			);
			mainGroup = 81DC92622D92D242009B1CE5;
			productRefGroup = 81DC926C2D92D242009B1CE5 /* Products */;
			projectDirPath = "";
			projectRoot = "";
			targets = (
				81DC926A2D92D242009B1CE5 /* Todoey */,
			);
		};
/* End PBXProject section */

/* Begin PBXResourcesBuildPhase section */
		81DC92692D92D242009B1CE5 /* Resources */ = {
			isa = PBXResourcesBuildPhase;
			buildActionMask = 2147483647;
			files = (
				81DC927B2D92D244009B1CE5 /* LaunchScreen.storyboard in Resources */,
				81DC92782D92D244009B1CE5 /* Assets.xcassets in Resources */,
				81DC92762D92D242009B1CE5 /* Main.storyboard in Resources */,
			);
			runOnlyForDeploymentPostprocessing = 0;
		};
/* End PBXResourcesBuildPhase section */

/* Begin PBXSourcesBuildPhase section */
		81DC92672D92D242009B1CE5 /* Sources */ = {
			isa = PBXSourcesBuildPhase;
			buildActionMask = 2147483647;
			files = (
				81BBE0832DA4040200FA6096 /* LocalItem.swift in Sources */,
				81BBE0802DA3C62B00FA6096 /* LocalDataSourceImp.swift in Sources */,
				818400382DA8D30600544519 /* CustomAlertAddNew.swift in Sources */,
				81A95E062DA80F3100CE08CC /* CategoryViewController.swift in Sources */,
				81BBE05B2DA35AC200FA6096 /* DataModel.xcdatamodeld in Sources */,
				818400362DA8CBB900544519 /* LocalDataSourceCategory.swift in Sources */,
				81DC92732D92D242009B1CE5 /* TodoListViewController.swift in Sources */,
				81DC926F2D92D242009B1CE5 /* AppDelegate.swift in Sources */,
				81DC92712D92D242009B1CE5 /* SceneDelegate.swift in Sources */,
				818400342DA8B11700544519 /* LocalCategory.swift in Sources */,
			);
			runOnlyForDeploymentPostprocessing = 0;
		};
/* End PBXSourcesBuildPhase section */

/* Begin PBXVariantGroup section */
		81DC92742D92D242009B1CE5 /* Main.storyboard */ = {
			isa = PBXVariantGroup;
			children = (
				81DC92752D92D242009B1CE5 /* Base */,
			);
			name = Main.storyboard;
			sourceTree = "<group>";
		};
		81DC92792D92D244009B1CE5 /* LaunchScreen.storyboard */ = {
			isa = PBXVariantGroup;
			children = (
				81DC927A2D92D244009B1CE5 /* Base */,
			);
			name = LaunchScreen.storyboard;
			sourceTree = "<group>";
		};
/* End PBXVariantGroup section */

/* Begin XCBuildConfiguration section */
		81DC927D2D92D244009B1CE5 /* Debug */ = {
			isa = XCBuildConfiguration;
			buildSettings = {
				ALWAYS_SEARCH_USER_PATHS = NO;
				ASSETCATALOG_COMPILER_GENERATE_SWIFT_ASSET_SYMBOL_EXTENSIONS = YES;
				CLANG_ANALYZER_NONNULL = YES;
				CLANG_ANALYZER_NUMBER_OBJECT_CONVERSION = YES_AGGRESSIVE;
				CLANG_CXX_LANGUAGE_STANDARD = "gnu++20";
				CLANG_ENABLE_MODULES = YES;
				CLANG_ENABLE_OBJC_ARC = YES;
				CLANG_ENABLE_OBJC_WEAK = YES;
				CLANG_WARN_BLOCK_CAPTURE_AUTORELEASING = YES;
				CLANG_WARN_BOOL_CONVERSION = YES;
				CLANG_WARN_COMMA = YES;
				CLANG_WARN_CONSTANT_CONVERSION = YES;
				CLANG_WARN_DEPRECATED_OBJC_IMPLEMENTATIONS = YES;
				CLANG_WARN_DIRECT_OBJC_ISA_USAGE = YES_ERROR;
				CLANG_WARN_DOCUMENTATION_COMMENTS = YES;
				CLANG_WARN_EMPTY_BODY = YES;
				CLANG_WARN_ENUM_CONVERSION = YES;
				CLANG_WARN_INFINITE_RECURSION = YES;
				CLANG_WARN_INT_CONVERSION = YES;
				CLANG_WARN_NON_LITERAL_NULL_CONVERSION = YES;
				CLANG_WARN_OBJC_IMPLICIT_RETAIN_SELF = YES;
				CLANG_WARN_OBJC_LITERAL_CONVERSION = YES;
				CLANG_WARN_OBJC_ROOT_CLASS = YES_ERROR;
				CLANG_WARN_QUOTED_INCLUDE_IN_FRAMEWORK_HEADER = YES;
				CLANG_WARN_RANGE_LOOP_ANALYSIS = YES;
				CLANG_WARN_STRICT_PROTOTYPES = YES;
				CLANG_WARN_SUSPICIOUS_MOVE = YES;
				CLANG_WARN_UNGUARDED_AVAILABILITY = YES_AGGRESSIVE;
				CLANG_WARN_UNREACHABLE_CODE = YES;
				CLANG_WARN__DUPLICATE_METHOD_MATCH = YES;
				COPY_PHASE_STRIP = NO;
				DEBUG_INFORMATION_FORMAT = dwarf;
				ENABLE_STRICT_OBJC_MSGSEND = YES;
				ENABLE_TESTABILITY = YES;
				ENABLE_USER_SCRIPT_SANDBOXING = YES;
				GCC_C_LANGUAGE_STANDARD = gnu17;
				GCC_DYNAMIC_NO_PIC = NO;
				GCC_NO_COMMON_BLOCKS = YES;
				GCC_OPTIMIZATION_LEVEL = 0;
				GCC_PREPROCESSOR_DEFINITIONS = (
					"DEBUG=1",
					"$(inherited)",
				);
				GCC_WARN_64_TO_32_BIT_CONVERSION = YES;
				GCC_WARN_ABOUT_RETURN_TYPE = YES_ERROR;
				GCC_WARN_UNDECLARED_SELECTOR = YES;
				GCC_WARN_UNINITIALIZED_AUTOS = YES_AGGRESSIVE;
				GCC_WARN_UNUSED_FUNCTION = YES;
				GCC_WARN_UNUSED_VARIABLE = YES;
				IPHONEOS_DEPLOYMENT_TARGET = 17.2;
				LOCALIZATION_PREFERS_STRING_CATALOGS = YES;
				MTL_ENABLE_DEBUG_INFO = INCLUDE_SOURCE;
				MTL_FAST_MATH = YES;
				ONLY_ACTIVE_ARCH = YES;
				SDKROOT = iphoneos;
				SWIFT_ACTIVE_COMPILATION_CONDITIONS = "DEBUG $(inherited)";
				SWIFT_OPTIMIZATION_LEVEL = "-Onone";
			};
			name = Debug;
		};
		81DC927E2D92D244009B1CE5 /* Release */ = {
			isa = XCBuildConfiguration;
			buildSettings = {
				ALWAYS_SEARCH_USER_PATHS = NO;
				ASSETCATALOG_COMPILER_GENERATE_SWIFT_ASSET_SYMBOL_EXTENSIONS = YES;
				CLANG_ANALYZER_NONNULL = YES;
				CLANG_ANALYZER_NUMBER_OBJECT_CONVERSION = YES_AGGRESSIVE;
				CLANG_CXX_LANGUAGE_STANDARD = "gnu++20";
				CLANG_ENABLE_MODULES = YES;
				CLANG_ENABLE_OBJC_ARC = YES;
				CLANG_ENABLE_OBJC_WEAK = YES;
				CLANG_WARN_BLOCK_CAPTURE_AUTORELEASING = YES;
				CLANG_WARN_BOOL_CONVERSION = YES;
				CLANG_WARN_COMMA = YES;
				CLANG_WARN_CONSTANT_CONVERSION = YES;
				CLANG_WARN_DEPRECATED_OBJC_IMPLEMENTATIONS = YES;
				CLANG_WARN_DIRECT_OBJC_ISA_USAGE = YES_ERROR;
				CLANG_WARN_DOCUMENTATION_COMMENTS = YES;
				CLANG_WARN_EMPTY_BODY = YES;
				CLANG_WARN_ENUM_CONVERSION = YES;
				CLANG_WARN_INFINITE_RECURSION = YES;
				CLANG_WARN_INT_CONVERSION = YES;
				CLANG_WARN_NON_LITERAL_NULL_CONVERSION = YES;
				CLANG_WARN_OBJC_IMPLICIT_RETAIN_SELF = YES;
				CLANG_WARN_OBJC_LITERAL_CONVERSION = YES;
				CLANG_WARN_OBJC_ROOT_CLASS = YES_ERROR;
				CLANG_WARN_QUOTED_INCLUDE_IN_FRAMEWORK_HEADER = YES;
				CLANG_WARN_RANGE_LOOP_ANALYSIS = YES;
				CLANG_WARN_STRICT_PROTOTYPES = YES;
				CLANG_WARN_SUSPICIOUS_MOVE = YES;
				CLANG_WARN_UNGUARDED_AVAILABILITY = YES_AGGRESSIVE;
				CLANG_WARN_UNREACHABLE_CODE = YES;
				CLANG_WARN__DUPLICATE_METHOD_MATCH = YES;
				COPY_PHASE_STRIP = NO;
				DEBUG_INFORMATION_FORMAT = "dwarf-with-dsym";
				ENABLE_NS_ASSERTIONS = NO;
				ENABLE_STRICT_OBJC_MSGSEND = YES;
				ENABLE_USER_SCRIPT_SANDBOXING = YES;
				GCC_C_LANGUAGE_STANDARD = gnu17;
				GCC_NO_COMMON_BLOCKS = YES;
				GCC_WARN_64_TO_32_BIT_CONVERSION = YES;
				GCC_WARN_ABOUT_RETURN_TYPE = YES_ERROR;
				GCC_WARN_UNDECLARED_SELECTOR = YES;
				GCC_WARN_UNINITIALIZED_AUTOS = YES_AGGRESSIVE;
				GCC_WARN_UNUSED_FUNCTION = YES;
				GCC_WARN_UNUSED_VARIABLE = YES;
				IPHONEOS_DEPLOYMENT_TARGET = 17.2;
				LOCALIZATION_PREFERS_STRING_CATALOGS = YES;
				MTL_ENABLE_DEBUG_INFO = NO;
				MTL_FAST_MATH = YES;
				SDKROOT = iphoneos;
				SWIFT_COMPILATION_MODE = wholemodule;
				VALIDATE_PRODUCT = YES;
			};
			name = Release;
		};
		81DC92802D92D244009B1CE5 /* Debug */ = {
			isa = XCBuildConfiguration;
			buildSettings = {
				ASSETCATALOG_COMPILER_APPICON_NAME = AppIcon;
				ASSETCATALOG_COMPILER_GLOBAL_ACCENT_COLOR_NAME = AccentColor;
				CODE_SIGN_STYLE = Automatic;
				CURRENT_PROJECT_VERSION = 1;
				DEVELOPMENT_TEAM = X65WDC6RU6;
				GENERATE_INFOPLIST_FILE = YES;
				INFOPLIST_FILE = Todoey/Info.plist;
				INFOPLIST_KEY_UIApplicationSupportsIndirectInputEvents = YES;
				INFOPLIST_KEY_UILaunchStoryboardName = LaunchScreen;
				INFOPLIST_KEY_UIMainStoryboardFile = Main;
				INFOPLIST_KEY_UISupportedInterfaceOrientations_iPad = "UIInterfaceOrientationPortrait UIInterfaceOrientationPortraitUpsideDown UIInterfaceOrientationLandscapeLeft UIInterfaceOrientationLandscapeRight";
				INFOPLIST_KEY_UISupportedInterfaceOrientations_iPhone = "UIInterfaceOrientationPortrait UIInterfaceOrientationLandscapeLeft UIInterfaceOrientationLandscapeRight";
				LD_RUNPATH_SEARCH_PATHS = (
					"$(inherited)",
					"@executable_path/Frameworks",
				);
				MARKETING_VERSION = 1.0;
				PRODUCT_BUNDLE_IDENTIFIER = com.tuanhafan.Todoey;
				PRODUCT_NAME = "$(TARGET_NAME)";
				SWIFT_EMIT_LOC_STRINGS = YES;
				SWIFT_VERSION = 5.0;
				TARGETED_DEVICE_FAMILY = "1,2";
			};
			name = Debug;
		};
		81DC92812D92D244009B1CE5 /* Release */ = {
			isa = XCBuildConfiguration;
			buildSettings = {
				ASSETCATALOG_COMPILER_APPICON_NAME = AppIcon;
				ASSETCATALOG_COMPILER_GLOBAL_ACCENT_COLOR_NAME = AccentColor;
				CODE_SIGN_STYLE = Automatic;
				CURRENT_PROJECT_VERSION = 1;
				DEVELOPMENT_TEAM = X65WDC6RU6;
				GENERATE_INFOPLIST_FILE = YES;
				INFOPLIST_FILE = Todoey/Info.plist;
				INFOPLIST_KEY_UIApplicationSupportsIndirectInputEvents = YES;
				INFOPLIST_KEY_UILaunchStoryboardName = LaunchScreen;
				INFOPLIST_KEY_UIMainStoryboardFile = Main;
				INFOPLIST_KEY_UISupportedInterfaceOrientations_iPad = "UIInterfaceOrientationPortrait UIInterfaceOrientationPortraitUpsideDown UIInterfaceOrientationLandscapeLeft UIInterfaceOrientationLandscapeRight";
				INFOPLIST_KEY_UISupportedInterfaceOrientations_iPhone = "UIInterfaceOrientationPortrait UIInterfaceOrientationLandscapeLeft UIInterfaceOrientationLandscapeRight";
				LD_RUNPATH_SEARCH_PATHS = (
					"$(inherited)",
					"@executable_path/Frameworks",
				);
				MARKETING_VERSION = 1.0;
				PRODUCT_BUNDLE_IDENTIFIER = com.tuanhafan.Todoey;
				PRODUCT_NAME = "$(TARGET_NAME)";
				SWIFT_EMIT_LOC_STRINGS = YES;
				SWIFT_VERSION = 5.0;
				TARGETED_DEVICE_FAMILY = "1,2";
			};
			name = Release;
		};
/* End XCBuildConfiguration section */

/* Begin XCConfigurationList section */
		81DC92662D92D242009B1CE5 /* Build configuration list for PBXProject "Todoey" */ = {
			isa = XCConfigurationList;
			buildConfigurations = (
				81DC927D2D92D244009B1CE5 /* Debug */,
				81DC927E2D92D244009B1CE5 /* Release */,
			);
			defaultConfigurationIsVisible = 0;
			defaultConfigurationName = Release;
		};
		81DC927F2D92D244009B1CE5 /* Build configuration list for PBXNativeTarget "Todoey" */ = {
			isa = XCConfigurationList;
			buildConfigurations = (
				81DC92802D92D244009B1CE5 /* Debug */,
				81DC92812D92D244009B1CE5 /* Release */,
			);
			defaultConfigurationIsVisible = 0;
			defaultConfigurationName = Release;
		};
/* End XCConfigurationList section */

/* Begin XCVersionGroup section */
		81BBE0592DA35AC200FA6096 /* DataModel.xcdatamodeld */ = {
			isa = XCVersionGroup;
			children = (
				81BBE05A2DA35AC200FA6096 /* DataModel.xcdatamodel */,
			);
			currentVersion = 81BBE05A2DA35AC200FA6096 /* DataModel.xcdatamodel */;
			path = DataModel.xcdatamodeld;
			sourceTree = "<group>";
			versionGroupType = wrapper.xcdatamodel;
		};
/* End XCVersionGroup section */
	};
	rootObject = 81DC92632D92D242009B1CE5 /* Project object */;
}
