// !$*UTF8*$!
{
	archiveVersion = 1;
	classes = {
	};
	objectVersion = 56;
	objects = {

/* Begin PBXBuildFile section */
		8182D4B62DABCF0C0099CB85 /* AppDelegate.swift in Sources */ = {isa = PBXBuildFile; fileRef = 8182D4B52DABCF0C0099CB85 /* AppDelegate.swift */; };
		8182D4B82DABCF0C0099CB85 /* SceneDelegate.swift in Sources */ = {isa = PBXBuildFile; fileRef = 8182D4B72DABCF0C0099CB85 /* SceneDelegate.swift */; };
		8182D4BD2DABCF0C0099CB85 /* Main.storyboard in Resources */ = {isa = PBXBuildFile; fileRef = 8182D4BB2DABCF0C0099CB85 /* Main.storyboard */; };
		8182D4C22DABCF0E0099CB85 /* Assets.xcassets in Resources */ = {isa = PBXBuildFile; fileRef = 8182D4C12DABCF0E0099CB85 /* Assets.xcassets */; };
		8182D4C52DABCF0E0099CB85 /* LaunchScreen.storyboard in Resources */ = {isa = PBXBuildFile; fileRef = 8182D4C32DABCF0E0099CB85 /* LaunchScreen.storyboard */; };
		8182D4CE2DABE7730099CB85 /* CategoryViewController.swift in Sources */ = {isa = PBXBuildFile; fileRef = 8182D4CD2DABE7730099CB85 /* CategoryViewController.swift */; };
		8182D4D72DABE9340099CB85 /* ItemViewController.swift in Sources */ = {isa = PBXBuildFile; fileRef = 8182D4D62DABE9340099CB85 /* ItemViewController.swift */; };
		8182D4DA2DABEC060099CB85 /* AlertAddManager.swift in Sources */ = {isa = PBXBuildFile; fileRef = 8182D4D92DABEC060099CB85 /* AlertAddManager.swift */; };
/* End PBXBuildFile section */

/* Begin PBXFileReference section */
		815AE0CB2DABFA5B00EA5CDA /* TodoeyRealm.app */ = {isa = PBXFileReference; explicitFileType = wrapper.application; includeInIndex = 0; name = TodoeyRealm.app; path = "/Users/alextran/Desktop/100Projects/TodoeyRealm/build/Debug-iphoneos/TodoeyRealm.app"; sourceTree = "<absolute>"; };
		8182D4B52DABCF0C0099CB85 /* AppDelegate.swift */ = {isa = PBXFileReference; lastKnownFileType = sourcecode.swift; path = AppDelegate.swift; sourceTree = "<group>"; };
		8182D4B72DABCF0C0099CB85 /* SceneDelegate.swift */ = {isa = PBXFileReference; lastKnownFileType = sourcecode.swift; path = SceneDelegate.swift; sourceTree = "<group>"; };
		8182D4BC2DABCF0C0099CB85 /* Base */ = {isa = PBXFileReference; lastKnownFileType = file.storyboard; name = Base; path = Base.lproj/Main.storyboard; sourceTree = "<group>"; };
		8182D4C12DABCF0E0099CB85 /* Assets.xcassets */ = {isa = PBXFileReference; lastKnownFileType = folder.assetcatalog; path = Assets.xcassets; sourceTree = "<group>"; };
		8182D4C42DABCF0E0099CB85 /* Base */ = {isa = PBXFileReference; lastKnownFileType = file.storyboard; name = Base; path = Base.lproj/LaunchScreen.storyboard; sourceTree = "<group>"; };
		8182D4C62DABCF0E0099CB85 /* Info.plist */ = {isa = PBXFileReference; lastKnownFileType = text.plist.xml; path = Info.plist; sourceTree = "<group>"; };
		8182D4CD2DABE7730099CB85 /* CategoryViewController.swift */ = {isa = PBXFileReference; lastKnownFileType = sourcecode.swift; path = CategoryViewController.swift; sourceTree = "<group>"; };
		8182D4D62DABE9340099CB85 /* ItemViewController.swift */ = {isa = PBXFileReference; lastKnownFileType = sourcecode.swift; path = ItemViewController.swift; sourceTree = "<group>"; };
		8182D4D92DABEC060099CB85 /* AlertAddManager.swift */ = {isa = PBXFileReference; lastKnownFileType = sourcecode.swift; path = AlertAddManager.swift; sourceTree = "<group>"; };
/* End PBXFileReference section */

/* Begin PBXFrameworksBuildPhase section */
		8182D4AF2DABCF0C0099CB85 /* Frameworks */ = {
			isa = PBXFrameworksBuildPhase;
			buildActionMask = 2147483647;
			files = (
			);
			runOnlyForDeploymentPostprocessing = 0;
		};
/* End PBXFrameworksBuildPhase section */

/* Begin PBXGroup section */
		8182D4A92DABCF0B0099CB85 = {
			isa = PBXGroup;
			children = (
				8182D4B42DABCF0C0099CB85 /* TodoeyRealm */,
			);
			sourceTree = "<group>";
		};
		8182D4B42DABCF0C0099CB85 /* TodoeyRealm */ = {
			isa = PBXGroup;
			children = (
				8182D4B52DABCF0C0099CB85 /* AppDelegate.swift */,
				8182D4B72DABCF0C0099CB85 /* SceneDelegate.swift */,
				8182D4D12DABE8B60099CB85 /* Models */,
				8182D4CC2DABE71F0099CB85 /* Controllers */,
				8182D4CF2DABE7980099CB85 /* Views */,
				8182D4D02DABE7C40099CB85 /* Resources */,
				8182D4D82DABEB990099CB85 /* Utilities */,
				8182D4C62DABCF0E0099CB85 /* Info.plist */,
			);
			path = TodoeyRealm;
			sourceTree = "<group>";
		};
		8182D4CC2DABE71F0099CB85 /* Controllers */ = {
			isa = PBXGroup;
			children = (
				8182D4CD2DABE7730099CB85 /* CategoryViewController.swift */,
				8182D4D62DABE9340099CB85 /* ItemViewController.swift */,
			);
			path = Controllers;
			sourceTree = "<group>";
		};
		8182D4CF2DABE7980099CB85 /* Views */ = {
			isa = PBXGroup;
			children = (
				8182D4BB2DABCF0C0099CB85 /* Main.storyboard */,
			);
			path = Views;
			sourceTree = "<group>";
		};
		8182D4D02DABE7C40099CB85 /* Resources */ = {
			isa = PBXGroup;
			children = (
				8182D4C12DABCF0E0099CB85 /* Assets.xcassets */,
				8182D4C32DABCF0E0099CB85 /* LaunchScreen.storyboard */,
			);
			path = Resources;
			sourceTree = "<group>";
		};
		8182D4D12DABE8B60099CB85 /* Models */ = {
			isa = PBXGroup;
			children = (
				8182D4D52DABE9110099CB85 /* Services */,
				8182D4D42DABE9000099CB85 /* DataModels */,
				8182D4D22DABE8D60099CB85 /* Entities */,
			);
			path = Models;
			sourceTree = "<group>";
		};
		8182D4D22DABE8D60099CB85 /* Entities */ = {
			isa = PBXGroup;
			children = (
			);
			path = Entities;
			sourceTree = "<group>";
		};
		8182D4D42DABE9000099CB85 /* DataModels */ = {
			isa = PBXGroup;
			children = (
			);
			path = DataModels;
			sourceTree = "<group>";
		};
		8182D4D52DABE9110099CB85 /* Services */ = {
			isa = PBXGroup;
			children = (
			);
			path = Services;
			sourceTree = "<group>";
		};
		8182D4D82DABEB990099CB85 /* Utilities */ = {
			isa = PBXGroup;
			children = (
				8182D4D92DABEC060099CB85 /* AlertAddManager.swift */,
			);
			path = Utilities;
			sourceTree = "<group>";
		};
/* End PBXGroup section */

/* Begin PBXNativeTarget section */
		8182D4B12DABCF0C0099CB85 /* TodoeyRealm */ = {
			isa = PBXNativeTarget;
			buildConfigurationList = 8182D4C92DABCF0E0099CB85 /* Build configuration list for PBXNativeTarget "TodoeyRealm" */;
			buildPhases = (
				C899A63329A82347F7B8FDF7 /* [CP] Check Pods Manifest.lock */,
				8182D4AE2DABCF0C0099CB85 /* Sources */,
				8182D4AF2DABCF0C0099CB85 /* Frameworks */,
				8182D4B02DABCF0C0099CB85 /* Resources */,
				2005C09658939A323601C1CF /* [CP] Embed Pods Frameworks */,
			);
			buildRules = (
			);
			dependencies = (
			);
			name = TodoeyRealm;
			productName = TodoeyRealm;
			productReference = 815AE0CB2DABFA5B00EA5CDA /* TodoeyRealm.app */;
			productType = "com.apple.product-type.application";
		};
/* End PBXNativeTarget section */

/* Begin PBXProject section */
		8182D4AA2DABCF0B0099CB85 /* Project object */ = {
			isa = PBXProject;
			attributes = {
				BuildIndependentTargetsInParallel = 1;
				LastSwiftUpdateCheck = 1520;
				LastUpgradeCheck = 1520;
				TargetAttributes = {
					8182D4B12DABCF0C0099CB85 = {
						CreatedOnToolsVersion = 15.2;
					};
				};
			};
			buildConfigurationList = 8182D4AD2DABCF0B0099CB85 /* Build configuration list for PBXProject "TodoeyRealm" */;
			compatibilityVersion = "Xcode 14.0";
			developmentRegion = en;
			hasScannedForEncodings = 0;
			knownRegions = (
				en,
				Base,
			);
			mainGroup = 8182D4A92DABCF0B0099CB85;
			packageReferences = (
				815AE0F52DAC066800EA5CDA /* XCRemoteSwiftPackageReference "realm-swift" */,
			);
			productRefGroup = 8182D4A92DABCF0B0099CB85;
			projectDirPath = "";
			projectRoot = "";
			targets = (
				8182D4B12DABCF0C0099CB85 /* TodoeyRealm */,
			);
		};
/* End PBXProject section */

/* Begin PBXResourcesBuildPhase section */
		8182D4B02DABCF0C0099CB85 /* Resources */ = {
			isa = PBXResourcesBuildPhase;
			buildActionMask = 2147483647;
			files = (
				8182D4C52DABCF0E0099CB85 /* LaunchScreen.storyboard in Resources */,
				8182D4C22DABCF0E0099CB85 /* Assets.xcassets in Resources */,
				8182D4BD2DABCF0C0099CB85 /* Main.storyboard in Resources */,
			);
			runOnlyForDeploymentPostprocessing = 0;
		};
/* End PBXResourcesBuildPhase section */

/* Begin PBXShellScriptBuildPhase section */
		2005C09658939A323601C1CF /* [CP] Embed Pods Frameworks */ = {
			isa = PBXShellScriptBuildPhase;
			buildActionMask = 2147483647;
			files = (
			);
			inputFileListPaths = (
				"${PODS_ROOT}/Target Support Files/Pods-TodoeyRealm/Pods-TodoeyRealm-frameworks-${CONFIGURATION}-input-files.xcfilelist",
			);
			name = "[CP] Embed Pods Frameworks";
			outputFileListPaths = (
				"${PODS_ROOT}/Target Support Files/Pods-TodoeyRealm/Pods-TodoeyRealm-frameworks-${CONFIGURATION}-output-files.xcfilelist",
			);
			runOnlyForDeploymentPostprocessing = 0;
			shellPath = /bin/sh;
			shellScript = "\"${PODS_ROOT}/Target Support Files/Pods-TodoeyRealm/Pods-TodoeyRealm-frameworks.sh\"\n";
			showEnvVarsInLog = 0;
		};
		C899A63329A82347F7B8FDF7 /* [CP] Check Pods Manifest.lock */ = {
			isa = PBXShellScriptBuildPhase;
			buildActionMask = 2147483647;
			files = (
			);
			inputFileListPaths = (
			);
			inputPaths = (
				"${PODS_PODFILE_DIR_PATH}/Podfile.lock",
				"${PODS_ROOT}/Manifest.lock",
			);
			name = "[CP] Check Pods Manifest.lock";
			outputFileListPaths = (
			);
			outputPaths = (
				"$(DERIVED_FILE_DIR)/Pods-TodoeyRealm-checkManifestLockResult.txt",
			);
			runOnlyForDeploymentPostprocessing = 0;
			shellPath = /bin/sh;
			shellScript = "diff \"${PODS_PODFILE_DIR_PATH}/Podfile.lock\" \"${PODS_ROOT}/Manifest.lock\" > /dev/null\nif [ $? != 0 ] ; then\n    # print error to STDERR\n    echo \"error: The sandbox is not in sync with the Podfile.lock. Run 'pod install' or update your CocoaPods installation.\" >&2\n    exit 1\nfi\n# This output is used by Xcode 'outputs' to avoid re-running this script phase.\necho \"SUCCESS\" > \"${SCRIPT_OUTPUT_FILE_0}\"\n";
			showEnvVarsInLog = 0;
		};
/* End PBXShellScriptBuildPhase section */

/* Begin PBXSourcesBuildPhase section */
		8182D4AE2DABCF0C0099CB85 /* Sources */ = {
			isa = PBXSourcesBuildPhase;
			buildActionMask = 2147483647;
			files = (
				8182D4CE2DABE7730099CB85 /* CategoryViewController.swift in Sources */,
				8182D4D72DABE9340099CB85 /* ItemViewController.swift in Sources */,
				8182D4B62DABCF0C0099CB85 /* AppDelegate.swift in Sources */,
				8182D4DA2DABEC060099CB85 /* AlertAddManager.swift in Sources */,
				8182D4B82DABCF0C0099CB85 /* SceneDelegate.swift in Sources */,
			);
			runOnlyForDeploymentPostprocessing = 0;
		};
/* End PBXSourcesBuildPhase section */

/* Begin PBXVariantGroup section */
		8182D4BB2DABCF0C0099CB85 /* Main.storyboard */ = {
			isa = PBXVariantGroup;
			children = (
				8182D4BC2DABCF0C0099CB85 /* Base */,
			);
			name = Main.storyboard;
			sourceTree = "<group>";
		};
		8182D4C32DABCF0E0099CB85 /* LaunchScreen.storyboard */ = {
			isa = PBXVariantGroup;
			children = (
				8182D4C42DABCF0E0099CB85 /* Base */,
			);
			name = LaunchScreen.storyboard;
			sourceTree = "<group>";
		};
/* End PBXVariantGroup section */

/* Begin XCBuildConfiguration section */
		8182D4C72DABCF0E0099CB85 /* Debug */ = {
			isa = XCBuildConfiguration;
			buildSettings = {
				ALWAYS_SEARCH_USER_PATHS = NO;
				ASSETCATALOG_COMPILER_GENERATE_SWIFT_ASSET_SYMBOL_EXTENSIONS = YES;
				CLANG_ANALYZER_NONNULL = YES;
				CLANG_ANALYZER_NUMBER_OBJECT_CONVERSION = YES_AGGRESSIVE;
				CLANG_CXX_LANGUAGE_STANDARD = "gnu++20";
				CLANG_ENABLE_MODULES = YES;
				CLANG_ENABLE_OBJC_ARC = YES;
				CLANG_ENABLE_OBJC_WEAK = YES;
				CLANG_WARN_BLOCK_CAPTURE_AUTORELEASING = YES;
				CLANG_WARN_BOOL_CONVERSION = YES;
				CLANG_WARN_COMMA = YES;
				CLANG_WARN_CONSTANT_CONVERSION = YES;
				CLANG_WARN_DEPRECATED_OBJC_IMPLEMENTATIONS = YES;
				CLANG_WARN_DIRECT_OBJC_ISA_USAGE = YES_ERROR;
				CLANG_WARN_DOCUMENTATION_COMMENTS = YES;
				CLANG_WARN_EMPTY_BODY = YES;
				CLANG_WARN_ENUM_CONVERSION = YES;
				CLANG_WARN_INFINITE_RECURSION = YES;
				CLANG_WARN_INT_CONVERSION = YES;
				CLANG_WARN_NON_LITERAL_NULL_CONVERSION = YES;
				CLANG_WARN_OBJC_IMPLICIT_RETAIN_SELF = YES;
				CLANG_WARN_OBJC_LITERAL_CONVERSION = YES;
				CLANG_WARN_OBJC_ROOT_CLASS = YES_ERROR;
				CLANG_WARN_QUOTED_INCLUDE_IN_FRAMEWORK_HEADER = YES;
				CLANG_WARN_RANGE_LOOP_ANALYSIS = YES;
				CLANG_WARN_STRICT_PROTOTYPES = YES;
				CLANG_WARN_SUSPICIOUS_MOVE = YES;
				CLANG_WARN_UNGUARDED_AVAILABILITY = YES_AGGRESSIVE;
				CLANG_WARN_UNREACHABLE_CODE = YES;
				CLANG_WARN__DUPLICATE_METHOD_MATCH = YES;
				COPY_PHASE_STRIP = NO;
				DEBUG_INFORMATION_FORMAT = dwarf;
				ENABLE_STRICT_OBJC_MSGSEND = YES;
				ENABLE_TESTABILITY = YES;
				ENABLE_USER_SCRIPT_SANDBOXING = YES;
				GCC_C_LANGUAGE_STANDARD = gnu17;
				GCC_DYNAMIC_NO_PIC = NO;
				GCC_NO_COMMON_BLOCKS = YES;
				GCC_OPTIMIZATION_LEVEL = 0;
				GCC_PREPROCESSOR_DEFINITIONS = (
					"DEBUG=1",
					"$(inherited)",
				);
				GCC_WARN_64_TO_32_BIT_CONVERSION = YES;
				GCC_WARN_ABOUT_RETURN_TYPE = YES_ERROR;
				GCC_WARN_UNDECLARED_SELECTOR = YES;
				GCC_WARN_UNINITIALIZED_AUTOS = YES_AGGRESSIVE;
				GCC_WARN_UNUSED_FUNCTION = YES;
				GCC_WARN_UNUSED_VARIABLE = YES;
				IPHONEOS_DEPLOYMENT_TARGET = 13.0;
				LOCALIZATION_PREFERS_STRING_CATALOGS = YES;
				MTL_ENABLE_DEBUG_INFO = INCLUDE_SOURCE;
				MTL_FAST_MATH = YES;
				ONLY_ACTIVE_ARCH = YES;
				SDKROOT = iphoneos;
				SWIFT_ACTIVE_COMPILATION_CONDITIONS = "DEBUG $(inherited)";
				SWIFT_OPTIMIZATION_LEVEL = "-Onone";
			};
			name = Debug;
		};
		8182D4C82DABCF0E0099CB85 /* Release */ = {
			isa = XCBuildConfiguration;
			buildSettings = {
				ALWAYS_SEARCH_USER_PATHS = NO;
				ASSETCATALOG_COMPILER_GENERATE_SWIFT_ASSET_SYMBOL_EXTENSIONS = YES;
				CLANG_ANALYZER_NONNULL = YES;
				CLANG_ANALYZER_NUMBER_OBJECT_CONVERSION = YES_AGGRESSIVE;
				CLANG_CXX_LANGUAGE_STANDARD = "gnu++20";
				CLANG_ENABLE_MODULES = YES;
				CLANG_ENABLE_OBJC_ARC = YES;
				CLANG_ENABLE_OBJC_WEAK = YES;
				CLANG_WARN_BLOCK_CAPTURE_AUTORELEASING = YES;
				CLANG_WARN_BOOL_CONVERSION = YES;
				CLANG_WARN_COMMA = YES;
				CLANG_WARN_CONSTANT_CONVERSION = YES;
				CLANG_WARN_DEPRECATED_OBJC_IMPLEMENTATIONS = YES;
				CLANG_WARN_DIRECT_OBJC_ISA_USAGE = YES_ERROR;
				CLANG_WARN_DOCUMENTATION_COMMENTS = YES;
				CLANG_WARN_EMPTY_BODY = YES;
				CLANG_WARN_ENUM_CONVERSION = YES;
				CLANG_WARN_INFINITE_RECURSION = YES;
				CLANG_WARN_INT_CONVERSION = YES;
				CLANG_WARN_NON_LITERAL_NULL_CONVERSION = YES;
				CLANG_WARN_OBJC_IMPLICIT_RETAIN_SELF = YES;
				CLANG_WARN_OBJC_LITERAL_CONVERSION = YES;
				CLANG_WARN_OBJC_ROOT_CLASS = YES_ERROR;
				CLANG_WARN_QUOTED_INCLUDE_IN_FRAMEWORK_HEADER = YES;
				CLANG_WARN_RANGE_LOOP_ANALYSIS = YES;
				CLANG_WARN_STRICT_PROTOTYPES = YES;
				CLANG_WARN_SUSPICIOUS_MOVE = YES;
				CLANG_WARN_UNGUARDED_AVAILABILITY = YES_AGGRESSIVE;
				CLANG_WARN_UNREACHABLE_CODE = YES;
				CLANG_WARN__DUPLICATE_METHOD_MATCH = YES;
				COPY_PHASE_STRIP = NO;
				DEBUG_INFORMATION_FORMAT = "dwarf-with-dsym";
				ENABLE_NS_ASSERTIONS = NO;
				ENABLE_STRICT_OBJC_MSGSEND = YES;
				ENABLE_USER_SCRIPT_SANDBOXING = YES;
				GCC_C_LANGUAGE_STANDARD = gnu17;
				GCC_NO_COMMON_BLOCKS = YES;
				GCC_WARN_64_TO_32_BIT_CONVERSION = YES;
				GCC_WARN_ABOUT_RETURN_TYPE = YES_ERROR;
				GCC_WARN_UNDECLARED_SELECTOR = YES;
				GCC_WARN_UNINITIALIZED_AUTOS = YES_AGGRESSIVE;
				GCC_WARN_UNUSED_FUNCTION = YES;
				GCC_WARN_UNUSED_VARIABLE = YES;
				IPHONEOS_DEPLOYMENT_TARGET = 13.0;
				LOCALIZATION_PREFERS_STRING_CATALOGS = YES;
				MTL_ENABLE_DEBUG_INFO = NO;
				MTL_FAST_MATH = YES;
				SDKROOT = iphoneos;
				SWIFT_COMPILATION_MODE = wholemodule;
				VALIDATE_PRODUCT = YES;
			};
			name = Release;
		};
		8182D4CA2DABCF0E0099CB85 /* Debug */ = {
			isa = XCBuildConfiguration;
			buildSettings = {
				ASSETCATALOG_COMPILER_APPICON_NAME = AppIcon;
				ASSETCATALOG_COMPILER_GLOBAL_ACCENT_COLOR_NAME = AccentColor;
				CODE_SIGN_STYLE = Automatic;
				CURRENT_PROJECT_VERSION = 1;
				DEVELOPMENT_TEAM = X65WDC6RU6;
				GENERATE_INFOPLIST_FILE = YES;
				INFOPLIST_FILE = TodoeyRealm/Info.plist;
				INFOPLIST_KEY_UIApplicationSupportsIndirectInputEvents = YES;
				INFOPLIST_KEY_UILaunchStoryboardName = LaunchScreen;
				INFOPLIST_KEY_UIMainStoryboardFile = Main;
				INFOPLIST_KEY_UISupportedInterfaceOrientations_iPad = "UIInterfaceOrientationPortrait UIInterfaceOrientationPortraitUpsideDown UIInterfaceOrientationLandscapeLeft UIInterfaceOrientationLandscapeRight";
				INFOPLIST_KEY_UISupportedInterfaceOrientations_iPhone = "UIInterfaceOrientationPortrait UIInterfaceOrientationLandscapeLeft UIInterfaceOrientationLandscapeRight";
				IPHONEOS_DEPLOYMENT_TARGET = 13.0;
				LD_RUNPATH_SEARCH_PATHS = (
					"$(inherited)",
					"@executable_path/Frameworks",
				);
				MARKETING_VERSION = 1.0;
				PRODUCT_BUNDLE_IDENTIFIER = com.tuanhafan.TodoeyRealm;
				PRODUCT_NAME = "$(TARGET_NAME)";
				SWIFT_EMIT_LOC_STRINGS = YES;
				SWIFT_VERSION = 5.0;
				TARGETED_DEVICE_FAMILY = "1,2";
			};
			name = Debug;
		};
		8182D4CB2DABCF0E0099CB85 /* Release */ = {
			isa = XCBuildConfiguration;
			buildSettings = {
				ASSETCATALOG_COMPILER_APPICON_NAME = AppIcon;
				ASSETCATALOG_COMPILER_GLOBAL_ACCENT_COLOR_NAME = AccentColor;
				CODE_SIGN_STYLE = Automatic;
				CURRENT_PROJECT_VERSION = 1;
				DEVELOPMENT_TEAM = X65WDC6RU6;
				GENERATE_INFOPLIST_FILE = YES;
				INFOPLIST_FILE = TodoeyRealm/Info.plist;
				INFOPLIST_KEY_UIApplicationSupportsIndirectInputEvents = YES;
				INFOPLIST_KEY_UILaunchStoryboardName = LaunchScreen;
				INFOPLIST_KEY_UIMainStoryboardFile = Main;
				INFOPLIST_KEY_UISupportedInterfaceOrientations_iPad = "UIInterfaceOrientationPortrait UIInterfaceOrientationPortraitUpsideDown UIInterfaceOrientationLandscapeLeft UIInterfaceOrientationLandscapeRight";
				INFOPLIST_KEY_UISupportedInterfaceOrientations_iPhone = "UIInterfaceOrientationPortrait UIInterfaceOrientationLandscapeLeft UIInterfaceOrientationLandscapeRight";
				IPHONEOS_DEPLOYMENT_TARGET = 13.0;
				LD_RUNPATH_SEARCH_PATHS = (
					"$(inherited)",
					"@executable_path/Frameworks",
				);
				MARKETING_VERSION = 1.0;
				PRODUCT_BUNDLE_IDENTIFIER = com.tuanhafan.TodoeyRealm;
				PRODUCT_NAME = "$(TARGET_NAME)";
				SWIFT_EMIT_LOC_STRINGS = YES;
				SWIFT_VERSION = 5.0;
				TARGETED_DEVICE_FAMILY = "1,2";
			};
			name = Release;
		};
/* End XCBuildConfiguration section */

/* Begin XCConfigurationList section */
		8182D4AD2DABCF0B0099CB85 /* Build configuration list for PBXProject "TodoeyRealm" */ = {
			isa = XCConfigurationList;
			buildConfigurations = (
				8182D4C72DABCF0E0099CB85 /* Debug */,
				8182D4C82DABCF0E0099CB85 /* Release */,
			);
			defaultConfigurationIsVisible = 0;
			defaultConfigurationName = Release;
		};
		8182D4C92DABCF0E0099CB85 /* Build configuration list for PBXNativeTarget "TodoeyRealm" */ = {
			isa = XCConfigurationList;
			buildConfigurations = (
				8182D4CA2DABCF0E0099CB85 /* Debug */,
				8182D4CB2DABCF0E0099CB85 /* Release */,
			);
			defaultConfigurationIsVisible = 0;
			defaultConfigurationName = Release;
		};
/* End XCConfigurationList section */

/* Begin XCRemoteSwiftPackageReference section */
		815AE0F52DAC066800EA5CDA /* XCRemoteSwiftPackageReference "realm-swift" */ = {
			isa = XCRemoteSwiftPackageReference;
			repositoryURL = "https://github.com/realm/realm-swift.git";
			requirement = {
				branch = master;
				kind = branch;
			};
		};
/* End XCRemoteSwiftPackageReference section */
	};
	rootObject = 8182D4AA2DABCF0B0099CB85 /* Project object */;
}
